
Microsoft Visual Studio Solution File, Format Version 12.00
# Visual Studio Version 16
VisualStudioVersion = 16.0.30717.126
MinimumVisualStudioVersion = 10.0.40219.1
Project("{FAE04EC0-301F-11D3-BF4B-00C04F79EFBC}") = "MaxMinMean", "MaxMinMean\MaxMinMean.csproj", "{AD86748D-9A96-4D07-A1B9-29A2EA322DBD}"
EndProject
Global
	GlobalSection(SolutionConfigurationPlatforms) = preSolution
		Debug|Any CPU = Debug|Any CPU
		Release|Any CPU = Release|Any CPU
	EndGlobalSection
	GlobalSection(ProjectConfigurationPlatforms) = postSolution
		{AD86748D-9A96-4D07-A1B9-29A2EA322DBD}.Debug|Any CPU.ActiveCfg = Debug|Any CPU
		{AD86748D-9A96-4D07-A1B9-29A2EA322DBD}.Debug|Any CPU.Build.0 = Debug|Any CPU
		{AD86748D-9A96-4D07-A1B9-29A2EA322DBD}.Release|Any CPU.ActiveCfg = Release|Any CPU
		{AD86748D-9A96-4D07-A1B9-29A2EA322DBD}.Release|Any CPU.Build.0 = Release|Any CPU
	EndGlobalSection
	GlobalSection(SolutionProperties) = preSolution
		HideSolutionNode = FALSE
	EndGlobalSection
	GlobalSection(ExtensibilityGlobals) = postSolution
		SolutionGuid = {64B0EF99-9540-43CF-8FE1-5821DED1204B}
	EndGlobalSection
EndGlobal
