
Microsoft Visual Studio Solution File, Format Version 12.00
# Visual Studio Version 16
VisualStudioVersion = 16.0.30717.126
MinimumVisualStudioVersion = 10.0.40219.1
Project("{FAE04EC0-301F-11D3-BF4B-00C04F79EFBC}") = "BelirliAraliktakiAsalSayilar", "BelirliAraliktakiAsalSayilar\BelirliAraliktakiAsalSayilar.csproj", "{34D1613D-2194-4123-A966-6B457326668E}"
EndProject
Global
	GlobalSection(SolutionConfigurationPlatforms) = preSolution
		Debug|Any CPU = Debug|Any CPU
		Release|Any CPU = Release|Any CPU
	EndGlobalSection
	GlobalSection(ProjectConfigurationPlatforms) = postSolution
		{34D1613D-2194-4123-A966-6B457326668E}.Debug|Any CPU.ActiveCfg = Debug|Any CPU
		{34D1613D-2194-4123-A966-6B457326668E}.Debug|Any CPU.Build.0 = Debug|Any CPU
		{34D1613D-2194-4123-A966-6B457326668E}.Release|Any CPU.ActiveCfg = Release|Any CPU
		{34D1613D-2194-4123-A966-6B457326668E}.Release|Any CPU.Build.0 = Release|Any CPU
	EndGlobalSection
	GlobalSection(SolutionProperties) = preSolution
		HideSolutionNode = FALSE
	EndGlobalSection
	GlobalSection(ExtensibilityGlobals) = postSolution
		SolutionGuid = {5A3D43DE-29B8-48C5-A3BA-C20C04BC576C}
	EndGlobalSection
EndGlobal
