
Microsoft Visual Studio Solution File, Format Version 12.00
# Visual Studio Version 16
VisualStudioVersion = 16.0.30717.126
MinimumVisualStudioVersion = 10.0.40219.1
Project("{FAE04EC0-301F-11D3-BF4B-00C04F79EFBC}") = "stringMetotları", "stringMetotları\stringMetotları.csproj", "{C55FB80C-6EC6-4455-89ED-7D4E94DEACCB}"
EndProject
Global
	GlobalSection(SolutionConfigurationPlatforms) = preSolution
		Debug|Any CPU = Debug|Any CPU
		Release|Any CPU = Release|Any CPU
	EndGlobalSection
	GlobalSection(ProjectConfigurationPlatforms) = postSolution
		{C55FB80C-6EC6-4455-89ED-7D4E94DEACCB}.Debug|Any CPU.ActiveCfg = Debug|Any CPU
		{C55FB80C-6EC6-4455-89ED-7D4E94DEACCB}.Debug|Any CPU.Build.0 = Debug|Any CPU
		{C55FB80C-6EC6-4455-89ED-7D4E94DEACCB}.Release|Any CPU.ActiveCfg = Release|Any CPU
		{C55FB80C-6EC6-4455-89ED-7D4E94DEACCB}.Release|Any CPU.Build.0 = Release|Any CPU
	EndGlobalSection
	GlobalSection(SolutionProperties) = preSolution
		HideSolutionNode = FALSE
	EndGlobalSection
	GlobalSection(ExtensibilityGlobals) = postSolution
		SolutionGuid = {8972D073-31FF-4222-8880-3E70DF909D42}
	EndGlobalSection
EndGlobal
